{
    "name": "amsAPP",
    "version": "1.0.0",
    "lockfileVersion": 1,
    "requires": true,
    "dependencies": {
        "@babel/runtime": {
            "version": "7.22.5",
            "resolved": "https://registry.npmmirror.com/@babel/runtime/-/runtime-7.22.5.tgz",
            "integrity": "sha512-ecjvYlnAaZ/KVneE/OdKYBYfgXV3Ptu6zQWmgEF7vwKhQnvVS6bjMD2XYgj+SNvQ1GfK/pjgokfPkC/2CO8CuA==",
            "requires": {
                "regenerator-runtime": "^0.13.11"
            }
        },
        "@remax/mini-types": {
            "version": "0.1.0",
            "resolved": "https://registry.npmmirror.com/@remax/mini-types/-/mini-types-0.1.0.tgz",
            "integrity": "sha512-bVDcbUrp6p0PZwfS0xGVQS6k9f8B35BtZaYt/W/IGKh7VALYQ+tS2KcytLRmIJ/Vmohaw5ikIRN89I+frPdh4g=="
        },
        "cnchar": {
            "version": "3.2.4",
            "resolved": "https://registry.npmmirror.com/cnchar/-/cnchar-3.2.4.tgz",
            "integrity": "sha512-Gpz66OIcBp2WGStVZFt4I9NcKZYEwf7k3CjZ6eDb9LZa7QXwTO2QKer2Ko7HEPPKosRiwxAshdR3BaQ5mR+qqA==",
            "requires": {
                "cnchar-types": "^3.2.4"
            }
        },
        "cnchar-types": {
            "version": "3.2.4",
            "resolved": "https://registry.npmmirror.com/cnchar-types/-/cnchar-types-3.2.4.tgz",
            "integrity": "sha512-px3V2FQ7M6iS0OJsu/XxNGQcCf4jfHV9xHmLte9UgQv04DK7Ss9x719FQwIVfT8uy+iyfIth77B/D4ufDGDAIA=="
        },
        "crypto-js": {
            "version": "3.3.0",
            "resolved": "https://registry.npmmirror.com/crypto-js/-/crypto-js-3.3.0.tgz",
            "integrity": "sha512-DIT51nX0dCfKltpRiXV+/TVZq+Qq2NgF4644+K7Ttnla7zEzqc+kjJyiB96BHNyUTBxyjzRcZYpUdZa+QAqi6Q=="
        },
        "dingtalk-jsapi": {
            "version": "3.0.20",
            "resolved": "https://registry.npmmirror.com/dingtalk-jsapi/-/dingtalk-jsapi-3.0.20.tgz",
            "integrity": "sha512-t9eoamS+bc8QE+MtKQvNlJlvKwUg/8YuHpeff/xU0Y7b6Werrd8mropPkZO8PqV8QcXDxwGmTpSe0SoOmdIIgw==",
            "requires": {
                "promise-polyfill": "^7.1.0"
            }
        },
        "gdt-jsapi": {
            "version": "1.9.46",
            "resolved": "https://registry.npmmirror.com/gdt-jsapi/-/gdt-jsapi-1.9.46.tgz",
            "integrity": "sha512-BPw8XZuu/vZdFvmaktGwO6ZIu3cVKhXAxgrODq2kRI2hxhnvONTG93vPBgfAxAWPOva+VZoFHfKoGWoW4Oo8SQ==",
            "requires": {
                "@babel/runtime": "^7.10.2",
                "@remax/mini-types": "^0.1.0"
            }
        },
        "js-md5": {
            "version": "0.7.3",
            "resolved": "https://registry.npmmirror.com/js-md5/-/js-md5-0.7.3.tgz",
            "integrity": "sha512-ZC41vPSTLKGwIRjqDh8DfXoCrdQIyBgspJVPXHBGu4nZlAEvG3nf+jO9avM9RmLiGakg7vz974ms99nEV0tmTQ=="
        },
        "moment": {
            "version": "2.29.1",
            "resolved": "https://registry.npmmirror.com/moment/-/moment-2.29.1.tgz",
            "integrity": "sha512-kHmoybcPV8Sqy59DwNDY3Jefr64lK/by/da0ViFcuA4DH0vQg5Q6Ze5VimxkfQNSC+Mls/Kx53s7TjP1RhFEDQ=="
        },
        "promise-polyfill": {
            "version": "7.1.2",
            "resolved": "https://registry.npmmirror.com/promise-polyfill/-/promise-polyfill-7.1.2.tgz",
            "integrity": "sha512-FuEc12/eKqqoRYIGBrUptCBRhobL19PS2U31vMNTfyck1FxPyMfgsXyW4Mav85y/ZN1hop3hOwRlUDok23oYfQ=="
        },
        "qs-stringify": {
            "version": "1.2.1",
            "resolved": "https://registry.npmmirror.com/qs-stringify/-/qs-stringify-1.2.1.tgz",
            "integrity": "sha512-2N5xGLGZUxpgAYq1fD1LmBSCbxQVsXYt5JU0nU3FuPWO8PlCnKNFQwXkZgyB6mrTdg7IbexX4wxIR403dJw9pw=="
        },
        "regenerator-runtime": {
            "version": "0.13.11",
            "resolved": "https://registry.npmmirror.com/regenerator-runtime/-/regenerator-runtime-0.13.11.tgz",
            "integrity": "sha512-kY1AZVr2Ra+t+piVaJ4gxaFaReZVH40AKNo7UCX6W+dEwBo/2oZJzqfuN1qLq1oL45o56cPaTXELwrTh8Fpggg=="
        },
        "uview-ui": {
            "version": "1.8.8",
            "resolved": "https://registry.npmmirror.com/uview-ui/-/uview-ui-1.8.8.tgz",
            "integrity": "sha512-Osal3yzXiHor0In9OPTZuXTaqTbDglMZ9RGK/MPYDoQQs+y0hrBCUD0Xp5T70C8i2lLu2X6Z11zJhmsQWMR7Jg=="
        },
        "vue-i18n": {
            "version": "8.28.2",
            "resolved": "https://registry.npmmirror.com/vue-i18n/-/vue-i18n-8.28.2.tgz",
            "integrity": "sha512-C5GZjs1tYlAqjwymaaCPDjCyGo10ajUphiwA922jKt9n7KPpqR7oM1PCwYzhB/E7+nT3wfdG3oRre5raIT1rKA=="
        },
        "weixin-js-sdk": {
            "version": "1.6.0",
            "resolved": "https://registry.npmmirror.com/weixin-js-sdk/-/weixin-js-sdk-1.6.0.tgz",
            "integrity": "sha512-3IYQH7aalJGFJrwdT3epvTdR1MboMiH7vIZ5BRL2eYOJ12BNah7csoMkmSZzkq1+l92sSq29XdTCVjCJoK2sBQ=="
        }
    }
}
